
Microsoft Visual Studio Solution File, Format Version 12.00
# Visual Studio 14
VisualStudioVersion = 14.0.25420.1
MinimumVisualStudioVersion = 10.0.40219.1
Project("{FAE04EC0-301F-11D3-BF4B-00C04F79EFBC}") = "DatabaseFirst", "DatabaseFirst\DatabaseFirst.csproj", "{9E926872-CB64-4DD8-BBE7-CF39AEB2D64C}"
EndProject
Project("{FAE04EC0-301F-11D3-BF4B-00C04F79EFBC}") = "CodeFirst", "CodeFirst\CodeFirst.csproj", "{4ADBF751-3A23-497B-BC42-69C76CAFFC24}"
EndProject
Project("{FAE04EC0-301F-11D3-BF4B-00C04F79EFBC}") = "DataAnnotations", "DataAnnotations\DataAnnotations.csproj", "{1EC9F577-7196-4D25-9C55-20C256C88714}"
EndProject
Project("{FAE04EC0-301F-11D3-BF4B-00C04F79EFBC}") = "FluentAPI", "FluentAPI\FluentAPI.csproj", "{0993B1A5-2266-4EA0-8B65-675C53B7E15D}"
EndProject
Project("{FAE04EC0-301F-11D3-BF4B-00C04F79EFBC}") = "Queries", "Queries\Queries.csproj", "{D1776DED-C59A-4F8A-8C31-96EAE15BDF5A}"
EndProject
Global
	GlobalSection(SolutionConfigurationPlatforms) = preSolution
		Debug|Any CPU = Debug|Any CPU
		Release|Any CPU = Release|Any CPU
	EndGlobalSection
	GlobalSection(ProjectConfigurationPlatforms) = postSolution
		{9E926872-CB64-4DD8-BBE7-CF39AEB2D64C}.Debug|Any CPU.ActiveCfg = Debug|Any CPU
		{9E926872-CB64-4DD8-BBE7-CF39AEB2D64C}.Debug|Any CPU.Build.0 = Debug|Any CPU
		{9E926872-CB64-4DD8-BBE7-CF39AEB2D64C}.Release|Any CPU.ActiveCfg = Release|Any CPU
		{9E926872-CB64-4DD8-BBE7-CF39AEB2D64C}.Release|Any CPU.Build.0 = Release|Any CPU
		{4ADBF751-3A23-497B-BC42-69C76CAFFC24}.Debug|Any CPU.ActiveCfg = Debug|Any CPU
		{4ADBF751-3A23-497B-BC42-69C76CAFFC24}.Debug|Any CPU.Build.0 = Debug|Any CPU
		{4ADBF751-3A23-497B-BC42-69C76CAFFC24}.Release|Any CPU.ActiveCfg = Release|Any CPU
		{4ADBF751-3A23-497B-BC42-69C76CAFFC24}.Release|Any CPU.Build.0 = Release|Any CPU
		{1EC9F577-7196-4D25-9C55-20C256C88714}.Debug|Any CPU.ActiveCfg = Debug|Any CPU
		{1EC9F577-7196-4D25-9C55-20C256C88714}.Debug|Any CPU.Build.0 = Debug|Any CPU
		{1EC9F577-7196-4D25-9C55-20C256C88714}.Release|Any CPU.ActiveCfg = Release|Any CPU
		{1EC9F577-7196-4D25-9C55-20C256C88714}.Release|Any CPU.Build.0 = Release|Any CPU
		{0993B1A5-2266-4EA0-8B65-675C53B7E15D}.Debug|Any CPU.ActiveCfg = Debug|Any CPU
		{0993B1A5-2266-4EA0-8B65-675C53B7E15D}.Debug|Any CPU.Build.0 = Debug|Any CPU
		{0993B1A5-2266-4EA0-8B65-675C53B7E15D}.Release|Any CPU.ActiveCfg = Release|Any CPU
		{0993B1A5-2266-4EA0-8B65-675C53B7E15D}.Release|Any CPU.Build.0 = Release|Any CPU
		{D1776DED-C59A-4F8A-8C31-96EAE15BDF5A}.Debug|Any CPU.ActiveCfg = Debug|Any CPU
		{D1776DED-C59A-4F8A-8C31-96EAE15BDF5A}.Debug|Any CPU.Build.0 = Debug|Any CPU
		{D1776DED-C59A-4F8A-8C31-96EAE15BDF5A}.Release|Any CPU.ActiveCfg = Release|Any CPU
		{D1776DED-C59A-4F8A-8C31-96EAE15BDF5A}.Release|Any CPU.Build.0 = Release|Any CPU
	EndGlobalSection
	GlobalSection(SolutionProperties) = preSolution
		HideSolutionNode = FALSE
	EndGlobalSection
EndGlobal
